
Microsoft Visual Studio Solution File, Format Version 12.00
# Visual Studio Version 16
VisualStudioVersion = 16.0.31410.357
MinimumVisualStudioVersion = 10.0.40219.1
Project("{9A19103F-16F7-4668-BE54-9A1E7A4F7556}") = "ItechArtLabPetsitters.Web", "ItechArtLabPetsitters.Web\ItechArtLabPetsitters.Web.csproj", "{B6E8E9D5-DDD3-4B3E-9F5D-BA888370309B}"
EndProject
Project("{FAE04EC0-301F-11D3-BF4B-00C04F79EFBC}") = "ItechArtLabPetsitters.Infrastructure", "ItechArtLabPetsitters.Infrastructure\ItechArtLabPetsitters.Infrastructure.csproj", "{8F796A83-02E3-440C-981B-2997D4BB088B}"
EndProject
Project("{FAE04EC0-301F-11D3-BF4B-00C04F79EFBC}") = "ItechArtLabPetsitters.Core", "ItechArtLabPetsitters.Core\ItechArtLabPetsitters.Core.csproj", "{9A47E79D-2B2F-48B4-8626-D2CF223C52DB}"
EndProject
Global
	GlobalSection(SolutionConfigurationPlatforms) = preSolution
		Debug|Any CPU = Debug|Any CPU
		Release|Any CPU = Release|Any CPU
	EndGlobalSection
	GlobalSection(ProjectConfigurationPlatforms) = postSolution
		{B6E8E9D5-DDD3-4B3E-9F5D-BA888370309B}.Debug|Any CPU.ActiveCfg = Debug|Any CPU
		{B6E8E9D5-DDD3-4B3E-9F5D-BA888370309B}.Debug|Any CPU.Build.0 = Debug|Any CPU
		{B6E8E9D5-DDD3-4B3E-9F5D-BA888370309B}.Release|Any CPU.ActiveCfg = Release|Any CPU
		{B6E8E9D5-DDD3-4B3E-9F5D-BA888370309B}.Release|Any CPU.Build.0 = Release|Any CPU
		{8F796A83-02E3-440C-981B-2997D4BB088B}.Debug|Any CPU.ActiveCfg = Debug|Any CPU
		{8F796A83-02E3-440C-981B-2997D4BB088B}.Debug|Any CPU.Build.0 = Debug|Any CPU
		{8F796A83-02E3-440C-981B-2997D4BB088B}.Release|Any CPU.ActiveCfg = Release|Any CPU
		{8F796A83-02E3-440C-981B-2997D4BB088B}.Release|Any CPU.Build.0 = Release|Any CPU
		{9A47E79D-2B2F-48B4-8626-D2CF223C52DB}.Debug|Any CPU.ActiveCfg = Debug|Any CPU
		{9A47E79D-2B2F-48B4-8626-D2CF223C52DB}.Debug|Any CPU.Build.0 = Debug|Any CPU
		{9A47E79D-2B2F-48B4-8626-D2CF223C52DB}.Release|Any CPU.ActiveCfg = Release|Any CPU
		{9A47E79D-2B2F-48B4-8626-D2CF223C52DB}.Release|Any CPU.Build.0 = Release|Any CPU
	EndGlobalSection
	GlobalSection(SolutionProperties) = preSolution
		HideSolutionNode = FALSE
	EndGlobalSection
	GlobalSection(ExtensibilityGlobals) = postSolution
		SolutionGuid = {3132CCAD-A8B9-4AAC-8C48-0FEAD433DFB0}
	EndGlobalSection
EndGlobal
